
Microsoft Visual Studio Solution File, Format Version 12.00
# Visual Studio Version 17
VisualStudioVersion = 17.0.31903.59
MinimumVisualStudioVersion = 10.0.40219.1
Project("{FAE04EC0-301F-11D3-BF4B-00C04F79EFBC}") = "SonicWave.Core", "SonicWave.Core\SonicWave.Core.csproj", "{DCEB0976-0BA0-4999-9A28-12CFDBBEA992}"
EndProject
Project("{FAE04EC0-301F-11D3-BF4B-00C04F79EFBC}") = "SonicWave.Audio", "SonicWave.Audio\SonicWave.Audio.csproj", "{7C789AA1-9FAD-46CD-BCFF-1AEEDD3A2B7D}"
EndProject
Project("{FAE04EC0-301F-11D3-BF4B-00C04F79EFBC}") = "FurinaPlayer.UI", "FurinaPlayer.UI\FurinaPlayer.UI.csproj", "{884C3E5B-42F3-4F6E-BD9C-54FE627DE634}"
EndProject
Project("{FAE04EC0-301F-11D3-BF4B-00C04F79EFBC}") = "FurinaPlayer", "FurinaPlayer\FurinaPlayer.csproj", "{2CF0F19B-D249-431D-B277-B61B3C7C5020}"
EndProject
Global
	GlobalSection(SolutionConfigurationPlatforms) = preSolution
		Debug|Any CPU = Debug|Any CPU
		Debug|x64 = Debug|x64
		Debug|x86 = Debug|x86
		Release|Any CPU = Release|Any CPU
		Release|x64 = Release|x64
		Release|x86 = Release|x86
	EndGlobalSection
	GlobalSection(ProjectConfigurationPlatforms) = postSolution
		{DCEB0976-0BA0-4999-9A28-12CFDBBEA992}.Debug|Any CPU.ActiveCfg = Debug|Any CPU
		{DCEB0976-0BA0-4999-9A28-12CFDBBEA992}.Debug|Any CPU.Build.0 = Debug|Any CPU
		{DCEB0976-0BA0-4999-9A28-12CFDBBEA992}.Debug|x64.ActiveCfg = Debug|Any CPU
		{DCEB0976-0BA0-4999-9A28-12CFDBBEA992}.Debug|x64.Build.0 = Debug|Any CPU
		{DCEB0976-0BA0-4999-9A28-12CFDBBEA992}.Debug|x86.ActiveCfg = Debug|Any CPU
		{DCEB0976-0BA0-4999-9A28-12CFDBBEA992}.Debug|x86.Build.0 = Debug|Any CPU
		{DCEB0976-0BA0-4999-9A28-12CFDBBEA992}.Release|Any CPU.ActiveCfg = Release|Any CPU
		{DCEB0976-0BA0-4999-9A28-12CFDBBEA992}.Release|Any CPU.Build.0 = Release|Any CPU
		{DCEB0976-0BA0-4999-9A28-12CFDBBEA992}.Release|x64.ActiveCfg = Release|Any CPU
		{DCEB0976-0BA0-4999-9A28-12CFDBBEA992}.Release|x64.Build.0 = Release|Any CPU
		{DCEB0976-0BA0-4999-9A28-12CFDBBEA992}.Release|x86.ActiveCfg = Release|Any CPU
		{DCEB0976-0BA0-4999-9A28-12CFDBBEA992}.Release|x86.Build.0 = Release|Any CPU
		{7C789AA1-9FAD-46CD-BCFF-1AEEDD3A2B7D}.Debug|Any CPU.ActiveCfg = Debug|Any CPU
		{7C789AA1-9FAD-46CD-BCFF-1AEEDD3A2B7D}.Debug|Any CPU.Build.0 = Debug|Any CPU
		{7C789AA1-9FAD-46CD-BCFF-1AEEDD3A2B7D}.Debug|x64.ActiveCfg = Debug|Any CPU
		{7C789AA1-9FAD-46CD-BCFF-1AEEDD3A2B7D}.Debug|x64.Build.0 = Debug|Any CPU
		{7C789AA1-9FAD-46CD-BCFF-1AEEDD3A2B7D}.Debug|x86.ActiveCfg = Debug|Any CPU
		{7C789AA1-9FAD-46CD-BCFF-1AEEDD3A2B7D}.Debug|x86.Build.0 = Debug|Any CPU
		{7C789AA1-9FAD-46CD-BCFF-1AEEDD3A2B7D}.Release|Any CPU.ActiveCfg = Release|Any CPU
		{7C789AA1-9FAD-46CD-BCFF-1AEEDD3A2B7D}.Release|Any CPU.Build.0 = Release|Any CPU
		{7C789AA1-9FAD-46CD-BCFF-1AEEDD3A2B7D}.Release|x64.ActiveCfg = Release|Any CPU
		{7C789AA1-9FAD-46CD-BCFF-1AEEDD3A2B7D}.Release|x64.Build.0 = Release|Any CPU
		{7C789AA1-9FAD-46CD-BCFF-1AEEDD3A2B7D}.Release|x86.ActiveCfg = Release|Any CPU
		{7C789AA1-9FAD-46CD-BCFF-1AEEDD3A2B7D}.Release|x86.Build.0 = Release|Any CPU
		{884C3E5B-42F3-4F6E-BD9C-54FE627DE634}.Debug|Any CPU.ActiveCfg = Debug|Any CPU
		{884C3E5B-42F3-4F6E-BD9C-54FE627DE634}.Debug|Any CPU.Build.0 = Debug|Any CPU
		{884C3E5B-42F3-4F6E-BD9C-54FE627DE634}.Debug|x64.ActiveCfg = Debug|Any CPU
		{884C3E5B-42F3-4F6E-BD9C-54FE627DE634}.Debug|x64.Build.0 = Debug|Any CPU
		{884C3E5B-42F3-4F6E-BD9C-54FE627DE634}.Debug|x86.ActiveCfg = Debug|Any CPU
		{884C3E5B-42F3-4F6E-BD9C-54FE627DE634}.Debug|x86.Build.0 = Debug|Any CPU
		{884C3E5B-42F3-4F6E-BD9C-54FE627DE634}.Release|Any CPU.ActiveCfg = Release|Any CPU
		{884C3E5B-42F3-4F6E-BD9C-54FE627DE634}.Release|Any CPU.Build.0 = Release|Any CPU
		{884C3E5B-42F3-4F6E-BD9C-54FE627DE634}.Release|x64.ActiveCfg = Release|Any CPU
		{884C3E5B-42F3-4F6E-BD9C-54FE627DE634}.Release|x64.Build.0 = Release|Any CPU
		{884C3E5B-42F3-4F6E-BD9C-54FE627DE634}.Release|x86.ActiveCfg = Release|Any CPU
		{884C3E5B-42F3-4F6E-BD9C-54FE627DE634}.Release|x86.Build.0 = Release|Any CPU
		{2CF0F19B-D249-431D-B277-B61B3C7C5020}.Debug|Any CPU.ActiveCfg = Debug|Any CPU
		{2CF0F19B-D249-431D-B277-B61B3C7C5020}.Debug|Any CPU.Build.0 = Debug|Any CPU
		{2CF0F19B-D249-431D-B277-B61B3C7C5020}.Debug|x64.ActiveCfg = Debug|Any CPU
		{2CF0F19B-D249-431D-B277-B61B3C7C5020}.Debug|x64.Build.0 = Debug|Any CPU
		{2CF0F19B-D249-431D-B277-B61B3C7C5020}.Debug|x86.ActiveCfg = Debug|Any CPU
		{2CF0F19B-D249-431D-B277-B61B3C7C5020}.Debug|x86.Build.0 = Debug|Any CPU
		{2CF0F19B-D249-431D-B277-B61B3C7C5020}.Release|Any CPU.ActiveCfg = Release|Any CPU
		{2CF0F19B-D249-431D-B277-B61B3C7C5020}.Release|Any CPU.Build.0 = Release|Any CPU
		{2CF0F19B-D249-431D-B277-B61B3C7C5020}.Release|x64.ActiveCfg = Release|Any CPU
		{2CF0F19B-D249-431D-B277-B61B3C7C5020}.Release|x64.Build.0 = Release|Any CPU
		{2CF0F19B-D249-431D-B277-B61B3C7C5020}.Release|x86.ActiveCfg = Release|Any CPU
		{2CF0F19B-D249-431D-B277-B61B3C7C5020}.Release|x86.Build.0 = Release|Any CPU
	EndGlobalSection
	GlobalSection(SolutionProperties) = preSolution
		HideSolutionNode = FALSE
	EndGlobalSection
EndGlobal
